
Microsoft Visual Studio Solution File, Format Version 12.00
# Visual Studio Version 17
VisualStudioVersion = 17.5.002.0
MinimumVisualStudioVersion = 10.0.40219.1
Project("{9A19103F-16F7-4668-BE54-9A1E7A4F7556}") = "testAPI", "testAPI.csproj", "{37923CE7-288D-407E-9A58-A2B3048E8441}"
EndProject
Global
	GlobalSection(SolutionConfigurationPlatforms) = preSolution
		Debug|Any CPU = Debug|Any CPU
		Release|Any CPU = Release|Any CPU
	EndGlobalSection
	GlobalSection(ProjectConfigurationPlatforms) = postSolution
		{37923CE7-288D-407E-9A58-A2B3048E8441}.Debug|Any CPU.ActiveCfg = Debug|Any CPU
		{37923CE7-288D-407E-9A58-A2B3048E8441}.Debug|Any CPU.Build.0 = Debug|Any CPU
		{37923CE7-288D-407E-9A58-A2B3048E8441}.Release|Any CPU.ActiveCfg = Release|Any CPU
		{37923CE7-288D-407E-9A58-A2B3048E8441}.Release|Any CPU.Build.0 = Release|Any CPU
	EndGlobalSection
	GlobalSection(SolutionProperties) = preSolution
		HideSolutionNode = FALSE
	EndGlobalSection
	GlobalSection(ExtensibilityGlobals) = postSolution
		SolutionGuid = {3ADE8CD6-71B7-46F8-BA6E-6FFCB59EB1C7}
	EndGlobalSection
EndGlobal
